Microsoft Visual Studio Solution File, Format Version 12.00
# Visual Studio Version 17
VisualStudioVersion = 17.5.2.0
MinimumVisualStudioVersion = 10.0.40219.1
Project("{FAE04EC0-301F-11D3-BF4B-00C04F79EFBC}") = "Tuples and types", "Tuples and types.csproj", "{C63DCF8E-807D-92C6-F89A-FE807C5266C6}"
EndProject
Global
	GlobalSection(SolutionConfigurationPlatforms) = preSolution
		Debug|Any CPU = Debug|Any CPU
		Release|Any CPU = Release|Any CPU
	EndGlobalSection
	GlobalSection(ProjectConfigurationPlatforms) = postSolution
		{C63DCF8E-807D-92C6-F89A-FE807C5266C6}.Debug|Any CPU.ActiveCfg = Debug|Any CPU
		{C63DCF8E-807D-92C6-F89A-FE807C5266C6}.Debug|Any CPU.Build.0 = Debug|Any CPU
		{C63DCF8E-807D-92C6-F89A-FE807C5266C6}.Release|Any CPU.ActiveCfg = Release|Any CPU
		{C63DCF8E-807D-92C6-F89A-FE807C5266C6}.Release|Any CPU.Build.0 = Release|Any CPU
	EndGlobalSection
	GlobalSection(SolutionProperties) = preSolution
		HideSolutionNode = FALSE
	EndGlobalSection
	GlobalSection(ExtensibilityGlobals) = postSolution
		SolutionGuid = {A91AF366-B994-4001-9568-CD8AD234F3EA}
	EndGlobalSection
EndGlobal
